
Microsoft Visual Studio Solution File, Format Version 12.00
# Visual Studio 15
VisualStudioVersion = 15.0.28307.1585
MinimumVisualStudioVersion = 10.0.40219.1
Project("{9A19103F-16F7-4668-BE54-9A1E7A4F7556}") = "Arithmetics", "Arithmetics\Arithmetics.csproj", "{7CBD1DE8-7149-4048-9239-6270124D2AAF}"
EndProject
Project("{FAE04EC0-301F-11D3-BF4B-00C04F79EFBC}") = "Arithmetics.Tests", "Arithmetics.Tests\Arithmetics.Tests.csproj", "{8CDE8225-5108-4768-BB38-93B41D7482CB}"
EndProject
Global
	GlobalSection(SolutionConfigurationPlatforms) = preSolution
		Debug|Any CPU = Debug|Any CPU
		Release|Any CPU = Release|Any CPU
	EndGlobalSection
	GlobalSection(ProjectConfigurationPlatforms) = postSolution
		{7CBD1DE8-7149-4048-9239-6270124D2AAF}.Debug|Any CPU.ActiveCfg = Debug|Any CPU
		{7CBD1DE8-7149-4048-9239-6270124D2AAF}.Debug|Any CPU.Build.0 = Debug|Any CPU
		{7CBD1DE8-7149-4048-9239-6270124D2AAF}.Release|Any CPU.ActiveCfg = Release|Any CPU
		{7CBD1DE8-7149-4048-9239-6270124D2AAF}.Release|Any CPU.Build.0 = Release|Any CPU
		{8CDE8225-5108-4768-BB38-93B41D7482CB}.Debug|Any CPU.ActiveCfg = Debug|Any CPU
		{8CDE8225-5108-4768-BB38-93B41D7482CB}.Debug|Any CPU.Build.0 = Debug|Any CPU
		{8CDE8225-5108-4768-BB38-93B41D7482CB}.Release|Any CPU.ActiveCfg = Release|Any CPU
		{8CDE8225-5108-4768-BB38-93B41D7482CB}.Release|Any CPU.Build.0 = Release|Any CPU
	EndGlobalSection
	GlobalSection(SolutionProperties) = preSolution
		HideSolutionNode = FALSE
	EndGlobalSection
	GlobalSection(ExtensibilityGlobals) = postSolution
		SolutionGuid = {E660E873-0D7E-484D-9428-0C7B34C6EC7E}
	EndGlobalSection
EndGlobal
